// !$*UTF8*$!
{
	archiveVersion = 1;
	classes = {
	};
	objectVersion = 77;
	objects = {

/* Begin PBXBuildFile section */
		3541638B3FC85496979EA45B /* HomeHubService.swift in Sources */ = {isa = PBXBuildFile; fileRef = 2B774F961B024FECFD74D154 /* HomeHubService.swift */; };
		465B9376CDC1F888470262EC /* HomeHubWidget.swift in Sources */ = {isa = PBXBuildFile; fileRef = DDEB383E8216584EAD9B45F3 /* HomeHubWidget.swift */; };
		692233D4527EB7B73A2FF039 /* HomeHubApp.swift in Sources */ = {isa = PBXBuildFile; fileRef = 5E3352ED22DA34BDB86DA622 /* HomeHubApp.swift */; };
		AFD57D4FAA581A7B7782BC02 /* HomeHubWidget.appex in Embed Foundation Extensions */ = {isa = PBXBuildFile; fileRef = A37B26D0AADE28B715485BF2 /* HomeHubWidget.appex */; settings = {ATTRIBUTES = (RemoveHeadersOnCopy, ); }; };
		E5532048D27E17B3D39BF982 /* HomeHubService.swift in Sources */ = {isa = PBXBuildFile; fileRef = 2B774F961B024FECFD74D154 /* HomeHubService.swift */; };
/* End PBXBuildFile section */

/* Begin PBXContainerItemProxy section */
		F1B375DAC1BF82400F003583 /* PBXContainerItemProxy */ = {
			isa = PBXContainerItemProxy;
			containerPortal = 1ED10FE9B68048132E52F6B4 /* Project object */;
			proxyType = 1;
			remoteGlobalIDString = BCE3B88C507A9E6C6664FA6D;
			remoteInfo = HomeHubWidget;
		};
/* End PBXContainerItemProxy section */

/* Begin PBXCopyFilesBuildPhase section */
		9287AAB19CB3976FA77644E0 /* Embed Foundation Extensions */ = {
			isa = PBXCopyFilesBuildPhase;
			buildActionMask = 2147483647;
			dstPath = "";
			dstSubfolderSpec = 13;
			files = (
				AFD57D4FAA581A7B7782BC02 /* HomeHubWidget.appex in Embed Foundation Extensions */,
			);
			name = "Embed Foundation Extensions";
			runOnlyForDeploymentPostprocessing = 0;
		};
/* End PBXCopyFilesBuildPhase section */

/* Begin PBXFileReference section */
		2B774F961B024FECFD74D154 /* HomeHubService.swift */ = {isa = PBXFileReference; lastKnownFileType = sourcecode.swift; path = HomeHubService.swift; sourceTree = "<group>"; };
		5E3352ED22DA34BDB86DA622 /* HomeHubApp.swift */ = {isa = PBXFileReference; lastKnownFileType = sourcecode.swift; path = HomeHubApp.swift; sourceTree = "<group>"; };
		A37B26D0AADE28B715485BF2 /* HomeHubWidget.appex */ = {isa = PBXFileReference; includeInIndex = 0; lastKnownFileType = "wrapper.app-extension"; path = HomeHubWidget.appex; sourceTree = BUILT_PRODUCTS_DIR; };
		C03835B534283FF3F282ECFA /* HomeHub.app */ = {isa = PBXFileReference; includeInIndex = 0; lastKnownFileType = wrapper.application; path = HomeHub.app; sourceTree = BUILT_PRODUCTS_DIR; };
		DDEB383E8216584EAD9B45F3 /* HomeHubWidget.swift */ = {isa = PBXFileReference; lastKnownFileType = sourcecode.swift; path = HomeHubWidget.swift; sourceTree = "<group>"; };
/* End PBXFileReference section */

/* Begin PBXGroup section */
		21CD3F8F31C1E02BEA793749 /* Products */ = {
			isa = PBXGroup;
			children = (
				C03835B534283FF3F282ECFA /* HomeHub.app */,
				A37B26D0AADE28B715485BF2 /* HomeHubWidget.appex */,
			);
			name = Products;
			sourceTree = "<group>";
		};
		2417BE87C9FDB8C1EFD8A9A3 = {
			isa = PBXGroup;
			children = (
				E6492458CFEEE0B361924E39 /* App */,
				886404C65CF2EF9DB11C035E /* Shared */,
				F67960488BF33D787E375101 /* Widget */,
				21CD3F8F31C1E02BEA793749 /* Products */,
			);
			sourceTree = "<group>";
		};
		886404C65CF2EF9DB11C035E /* Shared */ = {
			isa = PBXGroup;
			children = (
				2B774F961B024FECFD74D154 /* HomeHubService.swift */,
			);
			path = Shared;
			sourceTree = "<group>";
		};
		E6492458CFEEE0B361924E39 /* App */ = {
			isa = PBXGroup;
			children = (
				5E3352ED22DA34BDB86DA622 /* HomeHubApp.swift */,
			);
			path = App;
			sourceTree = "<group>";
		};
		F67960488BF33D787E375101 /* Widget */ = {
			isa = PBXGroup;
			children = (
				DDEB383E8216584EAD9B45F3 /* HomeHubWidget.swift */,
			);
			path = Widget;
			sourceTree = "<group>";
		};
/* End PBXGroup section */

/* Begin PBXNativeTarget section */
		27DF3E3541C53527ABBE7AE8 /* HomeHub */ = {
			isa = PBXNativeTarget;
			buildConfigurationList = 0C687FCAA39EA44406494BC5 /* Build configuration list for PBXNativeTarget "HomeHub" */;
			buildPhases = (
				6A365A72FE3D58DAD37DFEC2 /* Sources */,
				9287AAB19CB3976FA77644E0 /* Embed Foundation Extensions */,
			);
			buildRules = (
			);
			dependencies = (
				02759FE0BE85F830C4C53501 /* PBXTargetDependency */,
			);
			name = HomeHub;
			packageProductDependencies = (
			);
			productName = HomeHub;
			productReference = C03835B534283FF3F282ECFA /* HomeHub.app */;
			productType = "com.apple.product-type.application";
		};
		BCE3B88C507A9E6C6664FA6D /* HomeHubWidget */ = {
			isa = PBXNativeTarget;
			buildConfigurationList = 38B0CC234A51463E96FF7693 /* Build configuration list for PBXNativeTarget "HomeHubWidget" */;
			buildPhases = (
				86DCDAB690A05119431D1E16 /* Sources */,
			);
			buildRules = (
			);
			dependencies = (
			);
			name = HomeHubWidget;
			packageProductDependencies = (
			);
			productName = HomeHubWidget;
			productReference = A37B26D0AADE28B715485BF2 /* HomeHubWidget.appex */;
			productType = "com.apple.product-type.app-extension";
		};
/* End PBXNativeTarget section */

/* Begin PBXProject section */
		1ED10FE9B68048132E52F6B4 /* Project object */ = {
			isa = PBXProject;
			attributes = {
				BuildIndependentTargetsInParallel = YES;
				LastUpgradeCheck = 1430;
				TargetAttributes = {
					27DF3E3541C53527ABBE7AE8 = {
						DevelopmentTeam = P8Q8BL8RWM;
						ProvisioningStyle = Automatic;
					};
					BCE3B88C507A9E6C6664FA6D = {
						DevelopmentTeam = P8Q8BL8RWM;
						ProvisioningStyle = Automatic;
					};
				};
			};
			buildConfigurationList = 9D862A5311F596793B6A46AF /* Build configuration list for PBXProject "HomeHub" */;
			developmentRegion = en;
			hasScannedForEncodings = 0;
			knownRegions = (
				Base,
				en,
			);
			mainGroup = 2417BE87C9FDB8C1EFD8A9A3;
			minimizedProjectReferenceProxies = 1;
			preferredProjectObjectVersion = 77;
			productRefGroup = 21CD3F8F31C1E02BEA793749 /* Products */;
			projectDirPath = "";
			projectRoot = "";
			targets = (
				27DF3E3541C53527ABBE7AE8 /* HomeHub */,
				BCE3B88C507A9E6C6664FA6D /* HomeHubWidget */,
			);
		};
/* End PBXProject section */

/* Begin PBXSourcesBuildPhase section */
		6A365A72FE3D58DAD37DFEC2 /* Sources */ = {
			isa = PBXSourcesBuildPhase;
			buildActionMask = 2147483647;
			files = (
				692233D4527EB7B73A2FF039 /* HomeHubApp.swift in Sources */,
				E5532048D27E17B3D39BF982 /* HomeHubService.swift in Sources */,
			);
			runOnlyForDeploymentPostprocessing = 0;
		};
		86DCDAB690A05119431D1E16 /* Sources */ = {
			isa = PBXSourcesBuildPhase;
			buildActionMask = 2147483647;
			files = (
				3541638B3FC85496979EA45B /* HomeHubService.swift in Sources */,
				465B9376CDC1F888470262EC /* HomeHubWidget.swift in Sources */,
			);
			runOnlyForDeploymentPostprocessing = 0;
		};
/* End PBXSourcesBuildPhase section */

/* Begin PBXTargetDependency section */
		02759FE0BE85F830C4C53501 /* PBXTargetDependency */ = {
			isa = PBXTargetDependency;
			target = BCE3B88C507A9E6C6664FA6D /* HomeHubWidget */;
			targetProxy = F1B375DAC1BF82400F003583 /* PBXContainerItemProxy */;
		};
/* End PBXTargetDependency section */

/* Begin XCBuildConfiguration section */
		893D398F804D32CD25261F97 /* Release */ = {
			isa = XCBuildConfiguration;
			buildSettings = {
				ALWAYS_SEARCH_USER_PATHS = NO;
				CLANG_ANALYZER_NONNULL = YES;
				CLANG_ANALYZER_NUMBER_OBJECT_CONVERSION = YES_AGGRESSIVE;
				CLANG_CXX_LANGUAGE_STANDARD = "gnu++14";
				CLANG_CXX_LIBRARY = "libc++";
				CLANG_ENABLE_MODULES = YES;
				CLANG_ENABLE_OBJC_ARC = YES;
				CLANG_ENABLE_OBJC_WEAK = YES;
				CLANG_WARN_BLOCK_CAPTURE_AUTORELEASING = YES;
				CLANG_WARN_BOOL_CONVERSION = YES;
				CLANG_WARN_COMMA = YES;
				CLANG_WARN_CONSTANT_CONVERSION = YES;
				CLANG_WARN_DEPRECATED_OBJC_IMPLEMENTATIONS = YES;
				CLANG_WARN_DIRECT_OBJC_ISA_USAGE = YES_ERROR;
				CLANG_WARN_DOCUMENTATION_COMMENTS = YES;
				CLANG_WARN_EMPTY_BODY = YES;
				CLANG_WARN_ENUM_CONVERSION = YES;
				CLANG_WARN_INFINITE_RECURSION = YES;
				CLANG_WARN_INT_CONVERSION = YES;
				CLANG_WARN_NON_LITERAL_NULL_CONVERSION = YES;
				CLANG_WARN_OBJC_IMPLICIT_RETAIN_SELF = YES;
				CLANG_WARN_OBJC_LITERAL_CONVERSION = YES;
				CLANG_WARN_OBJC_ROOT_CLASS = YES_ERROR;
				CLANG_WARN_QUOTED_INCLUDE_IN_FRAMEWORK_HEADER = YES;
				CLANG_WARN_RANGE_LOOP_ANALYSIS = YES;
				CLANG_WARN_STRICT_PROTOTYPES = YES;
				CLANG_WARN_SUSPICIOUS_MOVE = YES;
				CLANG_WARN_UNGUARDED_AVAILABILITY = YES_AGGRESSIVE;
				CLANG_WARN_UNREACHABLE_CODE = YES;
				CLANG_WARN__DUPLICATE_METHOD_MATCH = YES;
				CODE_SIGN_IDENTITY = "Apple Development";
				CODE_SIGN_STYLE = Automatic;
				COPY_PHASE_STRIP = NO;
				CURRENT_PROJECT_VERSION = 1;
				DEBUG_INFORMATION_FORMAT = "dwarf-with-dsym";
				DEVELOPMENT_TEAM = P8Q8BL8RWM;
				ENABLE_HARDENED_RUNTIME = NO;
				ENABLE_NS_ASSERTIONS = NO;
				ENABLE_STRICT_OBJC_MSGSEND = YES;
				ENABLE_USER_SCRIPT_SANDBOXING = NO;
				GCC_C_LANGUAGE_STANDARD = gnu11;
				GCC_NO_COMMON_BLOCKS = YES;
				GCC_WARN_64_TO_32_BIT_CONVERSION = YES;
				GCC_WARN_ABOUT_RETURN_TYPE = YES_ERROR;
				GCC_WARN_UNDECLARED_SELECTOR = YES;
				GCC_WARN_UNINITIALIZED_AUTOS = YES_AGGRESSIVE;
				GCC_WARN_UNUSED_FUNCTION = YES;
				GCC_WARN_UNUSED_VARIABLE = YES;
				GENERATE_INFOPLIST_FILE = YES;
				INFOPLIST_KEY_NSAppTransportSecurity = "{ NSAllowsArbitraryLoads = YES; }";
				IPHONEOS_DEPLOYMENT_TARGET = 17.0;
				MACOSX_DEPLOYMENT_TARGET = 14.0;
				MARKETING_VERSION = 1.0;
				MTL_ENABLE_DEBUG_INFO = NO;
				MTL_FAST_MATH = YES;
				PRODUCT_NAME = "$(TARGET_NAME)";
				SDKROOT = auto;
				SWIFT_COMPILATION_MODE = wholemodule;
				SWIFT_OPTIMIZATION_LEVEL = "-O";
				SWIFT_VERSION = 5.10;
			};
			name = Release;
		};
		8C17F1B1F01460AA9A7FAEF3 /* Debug */ = {
			isa = XCBuildConfiguration;
			buildSettings = {
				ASSETCATALOG_COMPILER_APPICON_NAME = AppIcon;
				CODE_SIGN_ENTITLEMENTS = App/HomeHub.entitlements;
				CODE_SIGN_IDENTITY = "iPhone Developer";
				INFOPLIST_KEY_CFBundleDisplayName = HomeHub;
				INFOPLIST_KEY_LSApplicationCategoryType = "public.app-category.productivity";
				LD_RUNPATH_SEARCH_PATHS = (
					"$(inherited)",
					"@executable_path/Frameworks",
				);
				PRODUCT_BUNDLE_IDENTIFIER = com.ethan.homehub;
				SDKROOT = auto;
				SUPPORTED_PLATFORMS = "iphoneos iphonesimulator macosx";
				SUPPORTS_MACCATALYST = NO;
				SUPPORTS_MAC_DESIGNED_FOR_IPHONE_IPAD = NO;
				SUPPORTS_XR_DESIGNED_FOR_IPHONE_IPAD = YES;
				TARGETED_DEVICE_FAMILY = "1,2";
			};
			name = Debug;
		};
		A27D19856D122F47E9D37041 /* Debug */ = {
			isa = XCBuildConfiguration;
			buildSettings = {
				CODE_SIGN_ENTITLEMENTS = Widget/HomeHubWidget.entitlements;
				GENERATE_INFOPLIST_FILE = NO;
				INFOPLIST_FILE = Widget/Info.plist;
				LD_RUNPATH_SEARCH_PATHS = (
					"$(inherited)",
					"@executable_path/Frameworks",
					"@executable_path/../../Frameworks",
				);
				PRODUCT_BUNDLE_IDENTIFIER = com.ethan.homehub.widget;
				SDKROOT = auto;
				SUPPORTED_PLATFORMS = "iphoneos iphonesimulator macosx";
				SUPPORTS_MACCATALYST = NO;
				SUPPORTS_MAC_DESIGNED_FOR_IPHONE_IPAD = NO;
				SUPPORTS_XR_DESIGNED_FOR_IPHONE_IPAD = YES;
				TARGETED_DEVICE_FAMILY = "1,2";
			};
			name = Debug;
		};
		AAF286EEEAD55011896712EC /* Release */ = {
			isa = XCBuildConfiguration;
			buildSettings = {
				CODE_SIGN_ENTITLEMENTS = Widget/HomeHubWidget.entitlements;
				GENERATE_INFOPLIST_FILE = NO;
				INFOPLIST_FILE = Widget/Info.plist;
				LD_RUNPATH_SEARCH_PATHS = (
					"$(inherited)",
					"@executable_path/Frameworks",
					"@executable_path/../../Frameworks",
				);
				PRODUCT_BUNDLE_IDENTIFIER = com.ethan.homehub.widget;
				SDKROOT = auto;
				SUPPORTED_PLATFORMS = "iphoneos iphonesimulator macosx";
				SUPPORTS_MACCATALYST = NO;
				SUPPORTS_MAC_DESIGNED_FOR_IPHONE_IPAD = NO;
				SUPPORTS_XR_DESIGNED_FOR_IPHONE_IPAD = YES;
				TARGETED_DEVICE_FAMILY = "1,2";
			};
			name = Release;
		};
		E21EC51CB5176FD7B5797139 /* Release */ = {
			isa = XCBuildConfiguration;
			buildSettings = {
				ASSETCATALOG_COMPILER_APPICON_NAME = AppIcon;
				CODE_SIGN_ENTITLEMENTS = App/HomeHub.entitlements;
				CODE_SIGN_IDENTITY = "iPhone Developer";
				INFOPLIST_KEY_CFBundleDisplayName = HomeHub;
				INFOPLIST_KEY_LSApplicationCategoryType = "public.app-category.productivity";
				LD_RUNPATH_SEARCH_PATHS = (
					"$(inherited)",
					"@executable_path/Frameworks",
				);
				PRODUCT_BUNDLE_IDENTIFIER = com.ethan.homehub;
				SDKROOT = auto;
				SUPPORTED_PLATFORMS = "iphoneos iphonesimulator macosx";
				SUPPORTS_MACCATALYST = NO;
				SUPPORTS_MAC_DESIGNED_FOR_IPHONE_IPAD = NO;
				SUPPORTS_XR_DESIGNED_FOR_IPHONE_IPAD = YES;
				TARGETED_DEVICE_FAMILY = "1,2";
			};
			name = Release;
		};
		E53644E0FEA3DB3617A95788 /* Debug */ = {
			isa = XCBuildConfiguration;
			buildSettings = {
				ALWAYS_SEARCH_USER_PATHS = NO;
				CLANG_ANALYZER_NONNULL = YES;
				CLANG_ANALYZER_NUMBER_OBJECT_CONVERSION = YES_AGGRESSIVE;
				CLANG_CXX_LANGUAGE_STANDARD = "gnu++14";
				CLANG_CXX_LIBRARY = "libc++";
				CLANG_ENABLE_MODULES = YES;
				CLANG_ENABLE_OBJC_ARC = YES;
				CLANG_ENABLE_OBJC_WEAK = YES;
				CLANG_WARN_BLOCK_CAPTURE_AUTORELEASING = YES;
				CLANG_WARN_BOOL_CONVERSION = YES;
				CLANG_WARN_COMMA = YES;
				CLANG_WARN_CONSTANT_CONVERSION = YES;
				CLANG_WARN_DEPRECATED_OBJC_IMPLEMENTATIONS = YES;
				CLANG_WARN_DIRECT_OBJC_ISA_USAGE = YES_ERROR;
				CLANG_WARN_DOCUMENTATION_COMMENTS = YES;
				CLANG_WARN_EMPTY_BODY = YES;
				CLANG_WARN_ENUM_CONVERSION = YES;
				CLANG_WARN_INFINITE_RECURSION = YES;
				CLANG_WARN_INT_CONVERSION = YES;
				CLANG_WARN_NON_LITERAL_NULL_CONVERSION = YES;
				CLANG_WARN_OBJC_IMPLICIT_RETAIN_SELF = YES;
				CLANG_WARN_OBJC_LITERAL_CONVERSION = YES;
				CLANG_WARN_OBJC_ROOT_CLASS = YES_ERROR;
				CLANG_WARN_QUOTED_INCLUDE_IN_FRAMEWORK_HEADER = YES;
				CLANG_WARN_RANGE_LOOP_ANALYSIS = YES;
				CLANG_WARN_STRICT_PROTOTYPES = YES;
				CLANG_WARN_SUSPICIOUS_MOVE = YES;
				CLANG_WARN_UNGUARDED_AVAILABILITY = YES_AGGRESSIVE;
				CLANG_WARN_UNREACHABLE_CODE = YES;
				CLANG_WARN__DUPLICATE_METHOD_MATCH = YES;
				CODE_SIGN_IDENTITY = "Apple Development";
				CODE_SIGN_STYLE = Automatic;
				COPY_PHASE_STRIP = NO;
				CURRENT_PROJECT_VERSION = 1;
				DEBUG_INFORMATION_FORMAT = dwarf;
				DEVELOPMENT_TEAM = P8Q8BL8RWM;
				ENABLE_HARDENED_RUNTIME = NO;
				ENABLE_STRICT_OBJC_MSGSEND = YES;
				ENABLE_TESTABILITY = YES;
				ENABLE_USER_SCRIPT_SANDBOXING = NO;
				GCC_C_LANGUAGE_STANDARD = gnu11;
				GCC_DYNAMIC_NO_PIC = NO;
				GCC_NO_COMMON_BLOCKS = YES;
				GCC_OPTIMIZATION_LEVEL = 0;
				GCC_PREPROCESSOR_DEFINITIONS = (
					"$(inherited)",
					"DEBUG=1",
				);
				GCC_WARN_64_TO_32_BIT_CONVERSION = YES;
				GCC_WARN_ABOUT_RETURN_TYPE = YES_ERROR;
				GCC_WARN_UNDECLARED_SELECTOR = YES;
				GCC_WARN_UNINITIALIZED_AUTOS = YES_AGGRESSIVE;
				GCC_WARN_UNUSED_FUNCTION = YES;
				GCC_WARN_UNUSED_VARIABLE = YES;
				GENERATE_INFOPLIST_FILE = YES;
				INFOPLIST_KEY_NSAppTransportSecurity = "{ NSAllowsArbitraryLoads = YES; }";
				IPHONEOS_DEPLOYMENT_TARGET = 17.0;
				MACOSX_DEPLOYMENT_TARGET = 14.0;
				MARKETING_VERSION = 1.0;
				MTL_ENABLE_DEBUG_INFO = INCLUDE_SOURCE;
				MTL_FAST_MATH = YES;
				ONLY_ACTIVE_ARCH = YES;
				PRODUCT_NAME = "$(TARGET_NAME)";
				SDKROOT = auto;
				SWIFT_ACTIVE_COMPILATION_CONDITIONS = DEBUG;
				SWIFT_OPTIMIZATION_LEVEL = "-Onone";
				SWIFT_VERSION = 5.10;
			};
			name = Debug;
		};
/* End XCBuildConfiguration section */

/* Begin XCConfigurationList section */
		0C687FCAA39EA44406494BC5 /* Build configuration list for PBXNativeTarget "HomeHub" */ = {
			isa = XCConfigurationList;
			buildConfigurations = (
				8C17F1B1F01460AA9A7FAEF3 /* Debug */,
				E21EC51CB5176FD7B5797139 /* Release */,
			);
			defaultConfigurationIsVisible = 0;
			defaultConfigurationName = Debug;
		};
		38B0CC234A51463E96FF7693 /* Build configuration list for PBXNativeTarget "HomeHubWidget" */ = {
			isa = XCConfigurationList;
			buildConfigurations = (
				A27D19856D122F47E9D37041 /* Debug */,
				AAF286EEEAD55011896712EC /* Release */,
			);
			defaultConfigurationIsVisible = 0;
			defaultConfigurationName = Debug;
		};
		9D862A5311F596793B6A46AF /* Build configuration list for PBXProject "HomeHub" */ = {
			isa = XCConfigurationList;
			buildConfigurations = (
				E53644E0FEA3DB3617A95788 /* Debug */,
				893D398F804D32CD25261F97 /* Release */,
			);
			defaultConfigurationIsVisible = 0;
			defaultConfigurationName = Debug;
		};
/* End XCConfigurationList section */
	};
	rootObject = 1ED10FE9B68048132E52F6B4 /* Project object */;
}
